
Microsoft Visual Studio Solution File, Format Version 12.00
# Visual Studio 15
VisualStudioVersion = 15.0.26124.0
MinimumVisualStudioVersion = 15.0.26124.0
Project("{FAE04EC0-301F-11D3-BF4B-00C04F79EFBC}") = "API", "API\API.csproj", "{E722AE1C-8BC7-4E4F-8162-408D46814867}"
EndProject
Project("{FAE04EC0-301F-11D3-BF4B-00C04F79EFBC}") = "Core", "Core\Core.csproj", "{E41DB0BB-DABF-4F48-8492-8489BC4CD067}"
EndProject
Project("{FAE04EC0-301F-11D3-BF4B-00C04F79EFBC}") = "Infrastructure", "Infrastructure\Infrastructure.csproj", "{177E8270-F543-4EE3-8BA3-0FE92BCF48D5}"
EndProject
Global
	GlobalSection(SolutionConfigurationPlatforms) = preSolution
		Debug|Any CPU = Debug|Any CPU
		Debug|x64 = Debug|x64
		Debug|x86 = Debug|x86
		Release|Any CPU = Release|Any CPU
		Release|x64 = Release|x64
		Release|x86 = Release|x86
	EndGlobalSection
	GlobalSection(SolutionProperties) = preSolution
		HideSolutionNode = FALSE
	EndGlobalSection
	GlobalSection(ProjectConfigurationPlatforms) = postSolution
		{E722AE1C-8BC7-4E4F-8162-408D46814867}.Debug|Any CPU.ActiveCfg = Debug|Any CPU
		{E722AE1C-8BC7-4E4F-8162-408D46814867}.Debug|Any CPU.Build.0 = Debug|Any CPU
		{E722AE1C-8BC7-4E4F-8162-408D46814867}.Debug|x64.ActiveCfg = Debug|Any CPU
		{E722AE1C-8BC7-4E4F-8162-408D46814867}.Debug|x64.Build.0 = Debug|Any CPU
		{E722AE1C-8BC7-4E4F-8162-408D46814867}.Debug|x86.ActiveCfg = Debug|Any CPU
		{E722AE1C-8BC7-4E4F-8162-408D46814867}.Debug|x86.Build.0 = Debug|Any CPU
		{E722AE1C-8BC7-4E4F-8162-408D46814867}.Release|Any CPU.ActiveCfg = Release|Any CPU
		{E722AE1C-8BC7-4E4F-8162-408D46814867}.Release|Any CPU.Build.0 = Release|Any CPU
		{E722AE1C-8BC7-4E4F-8162-408D46814867}.Release|x64.ActiveCfg = Release|Any CPU
		{E722AE1C-8BC7-4E4F-8162-408D46814867}.Release|x64.Build.0 = Release|Any CPU
		{E722AE1C-8BC7-4E4F-8162-408D46814867}.Release|x86.ActiveCfg = Release|Any CPU
		{E722AE1C-8BC7-4E4F-8162-408D46814867}.Release|x86.Build.0 = Release|Any CPU
		{E41DB0BB-DABF-4F48-8492-8489BC4CD067}.Debug|Any CPU.ActiveCfg = Debug|Any CPU
		{E41DB0BB-DABF-4F48-8492-8489BC4CD067}.Debug|Any CPU.Build.0 = Debug|Any CPU
		{E41DB0BB-DABF-4F48-8492-8489BC4CD067}.Debug|x64.ActiveCfg = Debug|Any CPU
		{E41DB0BB-DABF-4F48-8492-8489BC4CD067}.Debug|x64.Build.0 = Debug|Any CPU
		{E41DB0BB-DABF-4F48-8492-8489BC4CD067}.Debug|x86.ActiveCfg = Debug|Any CPU
		{E41DB0BB-DABF-4F48-8492-8489BC4CD067}.Debug|x86.Build.0 = Debug|Any CPU
		{E41DB0BB-DABF-4F48-8492-8489BC4CD067}.Release|Any CPU.ActiveCfg = Release|Any CPU
		{E41DB0BB-DABF-4F48-8492-8489BC4CD067}.Release|Any CPU.Build.0 = Release|Any CPU
		{E41DB0BB-DABF-4F48-8492-8489BC4CD067}.Release|x64.ActiveCfg = Release|Any CPU
		{E41DB0BB-DABF-4F48-8492-8489BC4CD067}.Release|x64.Build.0 = Release|Any CPU
		{E41DB0BB-DABF-4F48-8492-8489BC4CD067}.Release|x86.ActiveCfg = Release|Any CPU
		{E41DB0BB-DABF-4F48-8492-8489BC4CD067}.Release|x86.Build.0 = Release|Any CPU
		{177E8270-F543-4EE3-8BA3-0FE92BCF48D5}.Debug|Any CPU.ActiveCfg = Debug|Any CPU
		{177E8270-F543-4EE3-8BA3-0FE92BCF48D5}.Debug|Any CPU.Build.0 = Debug|Any CPU
		{177E8270-F543-4EE3-8BA3-0FE92BCF48D5}.Debug|x64.ActiveCfg = Debug|Any CPU
		{177E8270-F543-4EE3-8BA3-0FE92BCF48D5}.Debug|x64.Build.0 = Debug|Any CPU
		{177E8270-F543-4EE3-8BA3-0FE92BCF48D5}.Debug|x86.ActiveCfg = Debug|Any CPU
		{177E8270-F543-4EE3-8BA3-0FE92BCF48D5}.Debug|x86.Build.0 = Debug|Any CPU
		{177E8270-F543-4EE3-8BA3-0FE92BCF48D5}.Release|Any CPU.ActiveCfg = Release|Any CPU
		{177E8270-F543-4EE3-8BA3-0FE92BCF48D5}.Release|Any CPU.Build.0 = Release|Any CPU
		{177E8270-F543-4EE3-8BA3-0FE92BCF48D5}.Release|x64.ActiveCfg = Release|Any CPU
		{177E8270-F543-4EE3-8BA3-0FE92BCF48D5}.Release|x64.Build.0 = Release|Any CPU
		{177E8270-F543-4EE3-8BA3-0FE92BCF48D5}.Release|x86.ActiveCfg = Release|Any CPU
		{177E8270-F543-4EE3-8BA3-0FE92BCF48D5}.Release|x86.Build.0 = Release|Any CPU
	EndGlobalSection
EndGlobal
